
Microsoft Visual Studio Solution File, Format Version 12.00
# Visual Studio 15
VisualStudioVersion = 15.0.26730.10
MinimumVisualStudioVersion = 10.0.40219.1
Project("{2150E333-8FDC-42A3-9474-1A3956D46DE8}") = "rms", "rms", "{9717A85F-8864-4F39-9F73-C4D5645B8E2F}"
EndProject
Project("{2150E333-8FDC-42A3-9474-1A3956D46DE8}") = "webrms", "webrms", "{1E04AAE6-E7E4-47C1-A345-563A07F021A0}"
EndProject
Project("{FAE04EC0-301F-11D3-BF4B-00C04F79EFBC}") = "HotelGlob.Booking.Adapter", "src\webrms\HotelGlob.Booking.Adapter\HotelGlob.Booking.Adapter.csproj", "{2CC0D043-546B-4AE2-BAD8-1DC4C82ADE72}"
EndProject
Project("{FAE04EC0-301F-11D3-BF4B-00C04F79EFBC}") = "HotelGlob.RMS.Adapter", "src\webrms\HotelGlob.RMS.Adapter\HotelGlob.RMS.Adapter.csproj", "{28C5F721-7EF3-4EB3-8167-120C8DCFCE0F}"
EndProject
Project("{FAE04EC0-301F-11D3-BF4B-00C04F79EFBC}") = "HotelGlob.RMS.Api", "src\webrms\HotelGlob.RMS.Api\HotelGlob.RMS.Api.csproj", "{117E13B1-F20F-42A6-B350-3EB450A74C6E}"
EndProject
Project("{FAE04EC0-301F-11D3-BF4B-00C04F79EFBC}") = "HotelGlob.RMS.BL", "src\webrms\HotelGlob.RMS.BL\HotelGlob.RMS.BL.csproj", "{A2F4FD9E-2A0E-4A77-8E4C-60804C94E92C}"
EndProject
Project("{FAE04EC0-301F-11D3-BF4B-00C04F79EFBC}") = "HotelGlob.RMS.Data", "src\webrms\HotelGlob.RMS.Data\HotelGlob.RMS.Data.csproj", "{BBAB400D-F870-4AA5-8ED0-22B95FD3A9FE}"
EndProject
Project("{FAE04EC0-301F-11D3-BF4B-00C04F79EFBC}") = "HotelGlob.RMS.HangfireWeb", "src\webrms\HotelGlob.RMS.HangfireWeb\HotelGlob.RMS.HangfireWeb.csproj", "{55DB0F2B-10A3-432B-B855-C390D987DF4F}"
EndProject
Project("{FAE04EC0-301F-11D3-BF4B-00C04F79EFBC}") = "HotelGlob.RMS.Web", "src\webrms\HotelGlob.RMS.Web\HotelGlob.RMS.Web.csproj", "{981324BD-CC43-4193-B2B3-E78D1695C3A6}"
EndProject
Project("{2150E333-8FDC-42A3-9474-1A3956D46DE8}") = "src", "src", "{53304F1C-A476-4599-8F4E-9A3AB20E25C7}"
EndProject
Project("{FAE04EC0-301F-11D3-BF4B-00C04F79EFBC}") = "Hotels.Basic", "src\rms\Hotels.Basic\Hotels.Basic.csproj", "{8C711026-8AE4-428A-9E39-7B69CC3670D0}"
EndProject
Project("{FAE04EC0-301F-11D3-BF4B-00C04F79EFBC}") = "Hotels.Config", "src\rms\Hotels.Config\Hotels.Config.csproj", "{F4421211-EA47-4BD6-972A-9D7697516661}"
EndProject
Project("{FAE04EC0-301F-11D3-BF4B-00C04F79EFBC}") = "Hotels.Core", "src\rms\Hotels.Core\Hotels.Core.csproj", "{C656D172-FF71-4178-9C24-06B23A4AEE83}"
EndProject
Project("{FAE04EC0-301F-11D3-BF4B-00C04F79EFBC}") = "Hotels.Data", "src\rms\Hotels.Data\Hotels.Data.csproj", "{FF76833A-1835-494F-9875-0CAC3B3D2872}"
EndProject
Project("{2150E333-8FDC-42A3-9474-1A3956D46DE8}") = "bookingparser", "bookingparser", "{26B2EC24-6A07-4AFB-A238-92A969D7728C}"
EndProject
Project("{FAE04EC0-301F-11D3-BF4B-00C04F79EFBC}") = "HotelGlob.Booking.Domain", "src\bookingparser\Booking.Domain\HotelGlob.Booking.Domain.csproj", "{D9B9D3E5-54BB-4F28-AD6E-E013AA33E112}"
EndProject
Project("{FAE04EC0-301F-11D3-BF4B-00C04F79EFBC}") = "HotelGlob.Booking.Parser", "src\bookingparser\Booking.Parser\HotelGlob.Booking.Parser.csproj", "{EE4DE54B-A0FC-499B-97BF-45F4C4B77ED2}"
EndProject
Project("{2150E333-8FDC-42A3-9474-1A3956D46DE8}") = "rms_core", "rms_core", "{A72CB766-474A-4752-B3F4-4E4FC621F6AB}"
EndProject
Global
	GlobalSection(SolutionConfigurationPlatforms) = preSolution
		Debug|Any CPU = Debug|Any CPU
		Debug|x64 = Debug|x64
		Debug|x86 = Debug|x86
		Release|Any CPU = Release|Any CPU
		Release|x64 = Release|x64
		Release|x86 = Release|x86
	EndGlobalSection
	GlobalSection(ProjectConfigurationPlatforms) = postSolution
		{2CC0D043-546B-4AE2-BAD8-1DC4C82ADE72}.Debug|Any CPU.ActiveCfg = Debug|Any CPU
		{2CC0D043-546B-4AE2-BAD8-1DC4C82ADE72}.Debug|Any CPU.Build.0 = Debug|Any CPU
		{2CC0D043-546B-4AE2-BAD8-1DC4C82ADE72}.Debug|x64.ActiveCfg = Debug|x64
		{2CC0D043-546B-4AE2-BAD8-1DC4C82ADE72}.Debug|x64.Build.0 = Debug|x64
		{2CC0D043-546B-4AE2-BAD8-1DC4C82ADE72}.Debug|x86.ActiveCfg = Debug|x86
		{2CC0D043-546B-4AE2-BAD8-1DC4C82ADE72}.Debug|x86.Build.0 = Debug|x86
		{2CC0D043-546B-4AE2-BAD8-1DC4C82ADE72}.Release|Any CPU.ActiveCfg = Release|Any CPU
		{2CC0D043-546B-4AE2-BAD8-1DC4C82ADE72}.Release|Any CPU.Build.0 = Release|Any CPU
		{2CC0D043-546B-4AE2-BAD8-1DC4C82ADE72}.Release|x64.ActiveCfg = Release|Any CPU
		{2CC0D043-546B-4AE2-BAD8-1DC4C82ADE72}.Release|x64.Build.0 = Release|Any CPU
		{2CC0D043-546B-4AE2-BAD8-1DC4C82ADE72}.Release|x86.ActiveCfg = Release|Any CPU
		{2CC0D043-546B-4AE2-BAD8-1DC4C82ADE72}.Release|x86.Build.0 = Release|Any CPU
		{28C5F721-7EF3-4EB3-8167-120C8DCFCE0F}.Debug|Any CPU.ActiveCfg = Debug|Any CPU
		{28C5F721-7EF3-4EB3-8167-120C8DCFCE0F}.Debug|Any CPU.Build.0 = Debug|Any CPU
		{28C5F721-7EF3-4EB3-8167-120C8DCFCE0F}.Debug|x64.ActiveCfg = Debug|x64
		{28C5F721-7EF3-4EB3-8167-120C8DCFCE0F}.Debug|x64.Build.0 = Debug|x64
		{28C5F721-7EF3-4EB3-8167-120C8DCFCE0F}.Debug|x86.ActiveCfg = Debug|x86
		{28C5F721-7EF3-4EB3-8167-120C8DCFCE0F}.Debug|x86.Build.0 = Debug|x86
		{28C5F721-7EF3-4EB3-8167-120C8DCFCE0F}.Release|Any CPU.ActiveCfg = Release|Any CPU
		{28C5F721-7EF3-4EB3-8167-120C8DCFCE0F}.Release|Any CPU.Build.0 = Release|Any CPU
		{28C5F721-7EF3-4EB3-8167-120C8DCFCE0F}.Release|x64.ActiveCfg = Release|x64
		{28C5F721-7EF3-4EB3-8167-120C8DCFCE0F}.Release|x64.Build.0 = Release|x64
		{28C5F721-7EF3-4EB3-8167-120C8DCFCE0F}.Release|x86.ActiveCfg = Release|x86
		{28C5F721-7EF3-4EB3-8167-120C8DCFCE0F}.Release|x86.Build.0 = Release|x86
		{117E13B1-F20F-42A6-B350-3EB450A74C6E}.Debug|Any CPU.ActiveCfg = Debug|Any CPU
		{117E13B1-F20F-42A6-B350-3EB450A74C6E}.Debug|Any CPU.Build.0 = Debug|Any CPU
		{117E13B1-F20F-42A6-B350-3EB450A74C6E}.Debug|x64.ActiveCfg = Debug|x64
		{117E13B1-F20F-42A6-B350-3EB450A74C6E}.Debug|x64.Build.0 = Debug|x64
		{117E13B1-F20F-42A6-B350-3EB450A74C6E}.Debug|x86.ActiveCfg = Debug|x86
		{117E13B1-F20F-42A6-B350-3EB450A74C6E}.Debug|x86.Build.0 = Debug|x86
		{117E13B1-F20F-42A6-B350-3EB450A74C6E}.Release|Any CPU.ActiveCfg = Release|Any CPU
		{117E13B1-F20F-42A6-B350-3EB450A74C6E}.Release|Any CPU.Build.0 = Release|Any CPU
		{117E13B1-F20F-42A6-B350-3EB450A74C6E}.Release|x64.ActiveCfg = Release|x64
		{117E13B1-F20F-42A6-B350-3EB450A74C6E}.Release|x64.Build.0 = Release|x64
		{117E13B1-F20F-42A6-B350-3EB450A74C6E}.Release|x86.ActiveCfg = Release|x86
		{117E13B1-F20F-42A6-B350-3EB450A74C6E}.Release|x86.Build.0 = Release|x86
		{A2F4FD9E-2A0E-4A77-8E4C-60804C94E92C}.Debug|Any CPU.ActiveCfg = Debug|Any CPU
		{A2F4FD9E-2A0E-4A77-8E4C-60804C94E92C}.Debug|Any CPU.Build.0 = Debug|Any CPU
		{A2F4FD9E-2A0E-4A77-8E4C-60804C94E92C}.Debug|x64.ActiveCfg = Debug|x64
		{A2F4FD9E-2A0E-4A77-8E4C-60804C94E92C}.Debug|x64.Build.0 = Debug|x64
		{A2F4FD9E-2A0E-4A77-8E4C-60804C94E92C}.Debug|x86.ActiveCfg = Debug|x86
		{A2F4FD9E-2A0E-4A77-8E4C-60804C94E92C}.Debug|x86.Build.0 = Debug|x86
		{A2F4FD9E-2A0E-4A77-8E4C-60804C94E92C}.Release|Any CPU.ActiveCfg = Release|Any CPU
		{A2F4FD9E-2A0E-4A77-8E4C-60804C94E92C}.Release|Any CPU.Build.0 = Release|Any CPU
		{A2F4FD9E-2A0E-4A77-8E4C-60804C94E92C}.Release|x64.ActiveCfg = Release|x64
		{A2F4FD9E-2A0E-4A77-8E4C-60804C94E92C}.Release|x64.Build.0 = Release|x64
		{A2F4FD9E-2A0E-4A77-8E4C-60804C94E92C}.Release|x86.ActiveCfg = Release|x86
		{A2F4FD9E-2A0E-4A77-8E4C-60804C94E92C}.Release|x86.Build.0 = Release|x86
		{BBAB400D-F870-4AA5-8ED0-22B95FD3A9FE}.Debug|Any CPU.ActiveCfg = Debug|Any CPU
		{BBAB400D-F870-4AA5-8ED0-22B95FD3A9FE}.Debug|Any CPU.Build.0 = Debug|Any CPU
		{BBAB400D-F870-4AA5-8ED0-22B95FD3A9FE}.Debug|x64.ActiveCfg = Debug|x64
		{BBAB400D-F870-4AA5-8ED0-22B95FD3A9FE}.Debug|x64.Build.0 = Debug|x64
		{BBAB400D-F870-4AA5-8ED0-22B95FD3A9FE}.Debug|x86.ActiveCfg = Debug|x86
		{BBAB400D-F870-4AA5-8ED0-22B95FD3A9FE}.Debug|x86.Build.0 = Debug|x86
		{BBAB400D-F870-4AA5-8ED0-22B95FD3A9FE}.Release|Any CPU.ActiveCfg = Release|Any CPU
		{BBAB400D-F870-4AA5-8ED0-22B95FD3A9FE}.Release|Any CPU.Build.0 = Release|Any CPU
		{BBAB400D-F870-4AA5-8ED0-22B95FD3A9FE}.Release|x64.ActiveCfg = Release|x64
		{BBAB400D-F870-4AA5-8ED0-22B95FD3A9FE}.Release|x64.Build.0 = Release|x64
		{BBAB400D-F870-4AA5-8ED0-22B95FD3A9FE}.Release|x86.ActiveCfg = Release|x86
		{BBAB400D-F870-4AA5-8ED0-22B95FD3A9FE}.Release|x86.Build.0 = Release|x86
		{55DB0F2B-10A3-432B-B855-C390D987DF4F}.Debug|Any CPU.ActiveCfg = Debug|Any CPU
		{55DB0F2B-10A3-432B-B855-C390D987DF4F}.Debug|Any CPU.Build.0 = Debug|Any CPU
		{55DB0F2B-10A3-432B-B855-C390D987DF4F}.Debug|x64.ActiveCfg = Debug|x64
		{55DB0F2B-10A3-432B-B855-C390D987DF4F}.Debug|x64.Build.0 = Debug|x64
		{55DB0F2B-10A3-432B-B855-C390D987DF4F}.Debug|x86.ActiveCfg = Debug|x86
		{55DB0F2B-10A3-432B-B855-C390D987DF4F}.Debug|x86.Build.0 = Debug|x86
		{55DB0F2B-10A3-432B-B855-C390D987DF4F}.Release|Any CPU.ActiveCfg = Release|Any CPU
		{55DB0F2B-10A3-432B-B855-C390D987DF4F}.Release|Any CPU.Build.0 = Release|Any CPU
		{55DB0F2B-10A3-432B-B855-C390D987DF4F}.Release|x64.ActiveCfg = Release|x64
		{55DB0F2B-10A3-432B-B855-C390D987DF4F}.Release|x64.Build.0 = Release|x64
		{55DB0F2B-10A3-432B-B855-C390D987DF4F}.Release|x86.ActiveCfg = Release|x86
		{55DB0F2B-10A3-432B-B855-C390D987DF4F}.Release|x86.Build.0 = Release|x86
		{981324BD-CC43-4193-B2B3-E78D1695C3A6}.Debug|Any CPU.ActiveCfg = Debug|Any CPU
		{981324BD-CC43-4193-B2B3-E78D1695C3A6}.Debug|Any CPU.Build.0 = Debug|Any CPU
		{981324BD-CC43-4193-B2B3-E78D1695C3A6}.Debug|x64.ActiveCfg = Debug|x64
		{981324BD-CC43-4193-B2B3-E78D1695C3A6}.Debug|x64.Build.0 = Debug|x64
		{981324BD-CC43-4193-B2B3-E78D1695C3A6}.Debug|x86.ActiveCfg = Debug|x86
		{981324BD-CC43-4193-B2B3-E78D1695C3A6}.Debug|x86.Build.0 = Debug|x86
		{981324BD-CC43-4193-B2B3-E78D1695C3A6}.Release|Any CPU.ActiveCfg = Release|Any CPU
		{981324BD-CC43-4193-B2B3-E78D1695C3A6}.Release|Any CPU.Build.0 = Release|Any CPU
		{981324BD-CC43-4193-B2B3-E78D1695C3A6}.Release|x64.ActiveCfg = Release|x64
		{981324BD-CC43-4193-B2B3-E78D1695C3A6}.Release|x64.Build.0 = Release|x64
		{981324BD-CC43-4193-B2B3-E78D1695C3A6}.Release|x86.ActiveCfg = Release|x86
		{981324BD-CC43-4193-B2B3-E78D1695C3A6}.Release|x86.Build.0 = Release|x86
		{8C711026-8AE4-428A-9E39-7B69CC3670D0}.Debug|Any CPU.ActiveCfg = Debug|Any CPU
		{8C711026-8AE4-428A-9E39-7B69CC3670D0}.Debug|Any CPU.Build.0 = Debug|Any CPU
		{8C711026-8AE4-428A-9E39-7B69CC3670D0}.Debug|x64.ActiveCfg = Debug|x64
		{8C711026-8AE4-428A-9E39-7B69CC3670D0}.Debug|x64.Build.0 = Debug|x64
		{8C711026-8AE4-428A-9E39-7B69CC3670D0}.Debug|x86.ActiveCfg = Debug|x86
		{8C711026-8AE4-428A-9E39-7B69CC3670D0}.Debug|x86.Build.0 = Debug|x86
		{8C711026-8AE4-428A-9E39-7B69CC3670D0}.Release|Any CPU.ActiveCfg = Release|Any CPU
		{8C711026-8AE4-428A-9E39-7B69CC3670D0}.Release|Any CPU.Build.0 = Release|Any CPU
		{8C711026-8AE4-428A-9E39-7B69CC3670D0}.Release|x64.ActiveCfg = Release|x64
		{8C711026-8AE4-428A-9E39-7B69CC3670D0}.Release|x64.Build.0 = Release|x64
		{8C711026-8AE4-428A-9E39-7B69CC3670D0}.Release|x86.ActiveCfg = Release|x86
		{8C711026-8AE4-428A-9E39-7B69CC3670D0}.Release|x86.Build.0 = Release|x86
		{F4421211-EA47-4BD6-972A-9D7697516661}.Debug|Any CPU.ActiveCfg = Debug|Any CPU
		{F4421211-EA47-4BD6-972A-9D7697516661}.Debug|Any CPU.Build.0 = Debug|Any CPU
		{F4421211-EA47-4BD6-972A-9D7697516661}.Debug|x64.ActiveCfg = Debug|x64
		{F4421211-EA47-4BD6-972A-9D7697516661}.Debug|x64.Build.0 = Debug|x64
		{F4421211-EA47-4BD6-972A-9D7697516661}.Debug|x86.ActiveCfg = Debug|x86
		{F4421211-EA47-4BD6-972A-9D7697516661}.Debug|x86.Build.0 = Debug|x86
		{F4421211-EA47-4BD6-972A-9D7697516661}.Release|Any CPU.ActiveCfg = Release|Any CPU
		{F4421211-EA47-4BD6-972A-9D7697516661}.Release|Any CPU.Build.0 = Release|Any CPU
		{F4421211-EA47-4BD6-972A-9D7697516661}.Release|x64.ActiveCfg = Release|x64
		{F4421211-EA47-4BD6-972A-9D7697516661}.Release|x64.Build.0 = Release|x64
		{F4421211-EA47-4BD6-972A-9D7697516661}.Release|x86.ActiveCfg = Release|x86
		{F4421211-EA47-4BD6-972A-9D7697516661}.Release|x86.Build.0 = Release|x86
		{C656D172-FF71-4178-9C24-06B23A4AEE83}.Debug|Any CPU.ActiveCfg = Debug|Any CPU
		{C656D172-FF71-4178-9C24-06B23A4AEE83}.Debug|Any CPU.Build.0 = Debug|Any CPU
		{C656D172-FF71-4178-9C24-06B23A4AEE83}.Debug|x64.ActiveCfg = Debug|x64
		{C656D172-FF71-4178-9C24-06B23A4AEE83}.Debug|x64.Build.0 = Debug|x64
		{C656D172-FF71-4178-9C24-06B23A4AEE83}.Debug|x86.ActiveCfg = Debug|x86
		{C656D172-FF71-4178-9C24-06B23A4AEE83}.Debug|x86.Build.0 = Debug|x86
		{C656D172-FF71-4178-9C24-06B23A4AEE83}.Release|Any CPU.ActiveCfg = Release|Any CPU
		{C656D172-FF71-4178-9C24-06B23A4AEE83}.Release|Any CPU.Build.0 = Release|Any CPU
		{C656D172-FF71-4178-9C24-06B23A4AEE83}.Release|x64.ActiveCfg = Release|x64
		{C656D172-FF71-4178-9C24-06B23A4AEE83}.Release|x64.Build.0 = Release|x64
		{C656D172-FF71-4178-9C24-06B23A4AEE83}.Release|x86.ActiveCfg = Release|x86
		{C656D172-FF71-4178-9C24-06B23A4AEE83}.Release|x86.Build.0 = Release|x86
		{FF76833A-1835-494F-9875-0CAC3B3D2872}.Debug|Any CPU.ActiveCfg = Debug|Any CPU
		{FF76833A-1835-494F-9875-0CAC3B3D2872}.Debug|Any CPU.Build.0 = Debug|Any CPU
		{FF76833A-1835-494F-9875-0CAC3B3D2872}.Debug|x64.ActiveCfg = Debug|x64
		{FF76833A-1835-494F-9875-0CAC3B3D2872}.Debug|x64.Build.0 = Debug|x64
		{FF76833A-1835-494F-9875-0CAC3B3D2872}.Debug|x86.ActiveCfg = Debug|x86
		{FF76833A-1835-494F-9875-0CAC3B3D2872}.Debug|x86.Build.0 = Debug|x86
		{FF76833A-1835-494F-9875-0CAC3B3D2872}.Release|Any CPU.ActiveCfg = Release|Any CPU
		{FF76833A-1835-494F-9875-0CAC3B3D2872}.Release|Any CPU.Build.0 = Release|Any CPU
		{FF76833A-1835-494F-9875-0CAC3B3D2872}.Release|x64.ActiveCfg = Release|x64
		{FF76833A-1835-494F-9875-0CAC3B3D2872}.Release|x64.Build.0 = Release|x64
		{FF76833A-1835-494F-9875-0CAC3B3D2872}.Release|x86.ActiveCfg = Release|x86
		{FF76833A-1835-494F-9875-0CAC3B3D2872}.Release|x86.Build.0 = Release|x86
		{D9B9D3E5-54BB-4F28-AD6E-E013AA33E112}.Debug|Any CPU.ActiveCfg = Debug|Any CPU
		{D9B9D3E5-54BB-4F28-AD6E-E013AA33E112}.Debug|Any CPU.Build.0 = Debug|Any CPU
		{D9B9D3E5-54BB-4F28-AD6E-E013AA33E112}.Debug|x64.ActiveCfg = Debug|x64
		{D9B9D3E5-54BB-4F28-AD6E-E013AA33E112}.Debug|x64.Build.0 = Debug|x64
		{D9B9D3E5-54BB-4F28-AD6E-E013AA33E112}.Debug|x86.ActiveCfg = Debug|x86
		{D9B9D3E5-54BB-4F28-AD6E-E013AA33E112}.Debug|x86.Build.0 = Debug|x86
		{D9B9D3E5-54BB-4F28-AD6E-E013AA33E112}.Release|Any CPU.ActiveCfg = Release|Any CPU
		{D9B9D3E5-54BB-4F28-AD6E-E013AA33E112}.Release|Any CPU.Build.0 = Release|Any CPU
		{D9B9D3E5-54BB-4F28-AD6E-E013AA33E112}.Release|x64.ActiveCfg = Release|x64
		{D9B9D3E5-54BB-4F28-AD6E-E013AA33E112}.Release|x64.Build.0 = Release|x64
		{D9B9D3E5-54BB-4F28-AD6E-E013AA33E112}.Release|x86.ActiveCfg = Release|Any CPU
		{D9B9D3E5-54BB-4F28-AD6E-E013AA33E112}.Release|x86.Build.0 = Release|Any CPU
		{EE4DE54B-A0FC-499B-97BF-45F4C4B77ED2}.Debug|Any CPU.ActiveCfg = Debug|Any CPU
		{EE4DE54B-A0FC-499B-97BF-45F4C4B77ED2}.Debug|Any CPU.Build.0 = Debug|Any CPU
		{EE4DE54B-A0FC-499B-97BF-45F4C4B77ED2}.Debug|x64.ActiveCfg = Debug|x64
		{EE4DE54B-A0FC-499B-97BF-45F4C4B77ED2}.Debug|x64.Build.0 = Debug|x64
		{EE4DE54B-A0FC-499B-97BF-45F4C4B77ED2}.Debug|x86.ActiveCfg = Debug|x86
		{EE4DE54B-A0FC-499B-97BF-45F4C4B77ED2}.Debug|x86.Build.0 = Debug|x86
		{EE4DE54B-A0FC-499B-97BF-45F4C4B77ED2}.Release|Any CPU.ActiveCfg = Release|Any CPU
		{EE4DE54B-A0FC-499B-97BF-45F4C4B77ED2}.Release|Any CPU.Build.0 = Release|Any CPU
		{EE4DE54B-A0FC-499B-97BF-45F4C4B77ED2}.Release|x64.ActiveCfg = Release|x64
		{EE4DE54B-A0FC-499B-97BF-45F4C4B77ED2}.Release|x64.Build.0 = Release|x64
		{EE4DE54B-A0FC-499B-97BF-45F4C4B77ED2}.Release|x86.ActiveCfg = Release|Any CPU
		{EE4DE54B-A0FC-499B-97BF-45F4C4B77ED2}.Release|x86.Build.0 = Release|Any CPU
	EndGlobalSection
	GlobalSection(SolutionProperties) = preSolution
		HideSolutionNode = FALSE
	EndGlobalSection
	GlobalSection(NestedProjects) = preSolution
		{9717A85F-8864-4F39-9F73-C4D5645B8E2F} = {53304F1C-A476-4599-8F4E-9A3AB20E25C7}
		{1E04AAE6-E7E4-47C1-A345-563A07F021A0} = {53304F1C-A476-4599-8F4E-9A3AB20E25C7}
		{2CC0D043-546B-4AE2-BAD8-1DC4C82ADE72} = {1E04AAE6-E7E4-47C1-A345-563A07F021A0}
		{28C5F721-7EF3-4EB3-8167-120C8DCFCE0F} = {1E04AAE6-E7E4-47C1-A345-563A07F021A0}
		{117E13B1-F20F-42A6-B350-3EB450A74C6E} = {1E04AAE6-E7E4-47C1-A345-563A07F021A0}
		{A2F4FD9E-2A0E-4A77-8E4C-60804C94E92C} = {1E04AAE6-E7E4-47C1-A345-563A07F021A0}
		{BBAB400D-F870-4AA5-8ED0-22B95FD3A9FE} = {1E04AAE6-E7E4-47C1-A345-563A07F021A0}
		{55DB0F2B-10A3-432B-B855-C390D987DF4F} = {1E04AAE6-E7E4-47C1-A345-563A07F021A0}
		{981324BD-CC43-4193-B2B3-E78D1695C3A6} = {1E04AAE6-E7E4-47C1-A345-563A07F021A0}
		{8C711026-8AE4-428A-9E39-7B69CC3670D0} = {9717A85F-8864-4F39-9F73-C4D5645B8E2F}
		{F4421211-EA47-4BD6-972A-9D7697516661} = {9717A85F-8864-4F39-9F73-C4D5645B8E2F}
		{C656D172-FF71-4178-9C24-06B23A4AEE83} = {9717A85F-8864-4F39-9F73-C4D5645B8E2F}
		{FF76833A-1835-494F-9875-0CAC3B3D2872} = {9717A85F-8864-4F39-9F73-C4D5645B8E2F}
		{26B2EC24-6A07-4AFB-A238-92A969D7728C} = {53304F1C-A476-4599-8F4E-9A3AB20E25C7}
		{D9B9D3E5-54BB-4F28-AD6E-E013AA33E112} = {26B2EC24-6A07-4AFB-A238-92A969D7728C}
		{EE4DE54B-A0FC-499B-97BF-45F4C4B77ED2} = {26B2EC24-6A07-4AFB-A238-92A969D7728C}
		{A72CB766-474A-4752-B3F4-4E4FC621F6AB} = {53304F1C-A476-4599-8F4E-9A3AB20E25C7}
	EndGlobalSection
	GlobalSection(ExtensibilityGlobals) = postSolution
		SolutionGuid = {AA8657A9-B40B-42DB-9A08-D3BB009F2F9C}
	EndGlobalSection
EndGlobal
